
Microsoft Visual Studio Solution File, Format Version 12.00
# Visual Studio Version 17
VisualStudioVersion = 17.3.32901.215
MinimumVisualStudioVersion = 10.0.40219.1
Project("{9A19103F-16F7-4668-BE54-9A1E7A4F7556}") = "WF.Domain", "WF.Domain\WF.Domain.csproj", "{2D32BCA4-000C-4F5B-9247-8889305D7593}"
EndProject
Project("{2150E333-8FDC-42A3-9474-1A3956D46DE8}") = "Solution Items", "Solution Items", "{B96FBE59-BB5F-4EE2-A65D-69234DDE1A4F}"
	ProjectSection(SolutionItems) = preProject
		.editorconfig = .editorconfig
	EndProjectSection
EndProject
Project("{2150E333-8FDC-42A3-9474-1A3956D46DE8}") = "Test", "Test", "{9D0AC85F-4191-4B75-851C-2354B3297A22}"
EndProject
Project("{9A19103F-16F7-4668-BE54-9A1E7A4F7556}") = "WF.Test.Integration", "WF.Test.Integration\WF.Test.Integration.csproj", "{F3D0FB4F-7015-43D9-A64F-89B5789E7B7F}"
EndProject
Project("{FAE04EC0-301F-11D3-BF4B-00C04F79EFBC}") = "WF.Export", "WF.Export\WF.Export.csproj", "{B1C77A99-F13F-4761-80A3-BE976606E877}"
EndProject
Project("{FAE04EC0-301F-11D3-BF4B-00C04F79EFBC}") = "WF.Data", "WF.Data\WF.Data.csproj", "{8C8BFEA3-EB9B-408B-A3CF-D0514AA7F63A}"
EndProject
Global
	GlobalSection(SolutionConfigurationPlatforms) = preSolution
		Debug|Any CPU = Debug|Any CPU
		Release|Any CPU = Release|Any CPU
	EndGlobalSection
	GlobalSection(ProjectConfigurationPlatforms) = postSolution
		{2D32BCA4-000C-4F5B-9247-8889305D7593}.Debug|Any CPU.ActiveCfg = Debug|Any CPU
		{2D32BCA4-000C-4F5B-9247-8889305D7593}.Debug|Any CPU.Build.0 = Debug|Any CPU
		{2D32BCA4-000C-4F5B-9247-8889305D7593}.Release|Any CPU.ActiveCfg = Release|Any CPU
		{2D32BCA4-000C-4F5B-9247-8889305D7593}.Release|Any CPU.Build.0 = Release|Any CPU
		{F3D0FB4F-7015-43D9-A64F-89B5789E7B7F}.Debug|Any CPU.ActiveCfg = Debug|Any CPU
		{F3D0FB4F-7015-43D9-A64F-89B5789E7B7F}.Debug|Any CPU.Build.0 = Debug|Any CPU
		{F3D0FB4F-7015-43D9-A64F-89B5789E7B7F}.Release|Any CPU.ActiveCfg = Release|Any CPU
		{F3D0FB4F-7015-43D9-A64F-89B5789E7B7F}.Release|Any CPU.Build.0 = Release|Any CPU
		{B1C77A99-F13F-4761-80A3-BE976606E877}.Debug|Any CPU.ActiveCfg = Debug|Any CPU
		{B1C77A99-F13F-4761-80A3-BE976606E877}.Debug|Any CPU.Build.0 = Debug|Any CPU
		{B1C77A99-F13F-4761-80A3-BE976606E877}.Release|Any CPU.ActiveCfg = Release|Any CPU
		{B1C77A99-F13F-4761-80A3-BE976606E877}.Release|Any CPU.Build.0 = Release|Any CPU
		{8C8BFEA3-EB9B-408B-A3CF-D0514AA7F63A}.Debug|Any CPU.ActiveCfg = Debug|Any CPU
		{8C8BFEA3-EB9B-408B-A3CF-D0514AA7F63A}.Debug|Any CPU.Build.0 = Debug|Any CPU
		{8C8BFEA3-EB9B-408B-A3CF-D0514AA7F63A}.Release|Any CPU.ActiveCfg = Release|Any CPU
		{8C8BFEA3-EB9B-408B-A3CF-D0514AA7F63A}.Release|Any CPU.Build.0 = Release|Any CPU
	EndGlobalSection
	GlobalSection(SolutionProperties) = preSolution
		HideSolutionNode = FALSE
	EndGlobalSection
	GlobalSection(NestedProjects) = preSolution
		{F3D0FB4F-7015-43D9-A64F-89B5789E7B7F} = {9D0AC85F-4191-4B75-851C-2354B3297A22}
	EndGlobalSection
	GlobalSection(ExtensibilityGlobals) = postSolution
		SolutionGuid = {63F2EFAF-A7EA-4492-BF5C-021616FE7DD1}
	EndGlobalSection
EndGlobal
